<Solution>
  <Configurations>
    <Platform Name="x64" />
    <Platform Name="x86" />
  </Configurations>
  <Project Path="../AstorothGameEngine/AstorothGameEngine.vcxproj" Id="e2f1b3c2-10e1-4c7d-967a-589ffa73f484" />
  <Project Path="Astoroth.vcxproj" Id="b40a5112-1f56-4e29-8435-69eb0704568e" />
</Solution>
